
Microsoft Visual Studio Solution File, Format Version 12.00
# Visual Studio Version 17
VisualStudioVersion = 17.6.33815.320
MinimumVisualStudioVersion = 10.0.40219.1
Project("{9A19103F-16F7-4668-BE54-9A1E7A4F7556}") = "Problem 1 - The Imitation Game", "Problem 1 - The Imitation Game\Problem 1 - The Imitation Game.csproj", "{62D66373-857A-4F1C-8D0F-5F4AEEE86DBB}"
EndProject
Project("{FAE04EC0-301F-11D3-BF4B-00C04F79EFBC}") = "Problem 2 - Ad Astra", "Problem 2 - Ad Astra\Problem 2 - Ad Astra.csproj", "{8492B243-BE9D-45D3-B40B-AB537DD674A0}"
EndProject
Project("{FAE04EC0-301F-11D3-BF4B-00C04F79EFBC}") = "Problem 3 -The Pianist", "Problem 3 -The Pianist\Problem 3 -The Pianist.csproj", "{45502647-7AC0-4F26-9BCE-06E9245C6E6B}"
EndProject
Project("{FAE04EC0-301F-11D3-BF4B-00C04F79EFBC}") = "Problem 1 - World Tour", "Problem 1 - World Tour\Problem 1 - World Tour.csproj", "{24787E35-AD86-44C0-B1A4-5E20FE2D7145}"
EndProject
Project("{FAE04EC0-301F-11D3-BF4B-00C04F79EFBC}") = "Problem 2 -Destination", "Problem 2 -Destination\Problem 2 -Destination.csproj", "{FC491B46-E759-4F15-968D-2F41804D725C}"
EndProject
Global
	GlobalSection(SolutionConfigurationPlatforms) = preSolution
		Debug|Any CPU = Debug|Any CPU
		Release|Any CPU = Release|Any CPU
	EndGlobalSection
	GlobalSection(ProjectConfigurationPlatforms) = postSolution
		{62D66373-857A-4F1C-8D0F-5F4AEEE86DBB}.Debug|Any CPU.ActiveCfg = Debug|Any CPU
		{62D66373-857A-4F1C-8D0F-5F4AEEE86DBB}.Debug|Any CPU.Build.0 = Debug|Any CPU
		{62D66373-857A-4F1C-8D0F-5F4AEEE86DBB}.Release|Any CPU.ActiveCfg = Release|Any CPU
		{62D66373-857A-4F1C-8D0F-5F4AEEE86DBB}.Release|Any CPU.Build.0 = Release|Any CPU
		{8492B243-BE9D-45D3-B40B-AB537DD674A0}.Debug|Any CPU.ActiveCfg = Debug|Any CPU
		{8492B243-BE9D-45D3-B40B-AB537DD674A0}.Debug|Any CPU.Build.0 = Debug|Any CPU
		{8492B243-BE9D-45D3-B40B-AB537DD674A0}.Release|Any CPU.ActiveCfg = Release|Any CPU
		{8492B243-BE9D-45D3-B40B-AB537DD674A0}.Release|Any CPU.Build.0 = Release|Any CPU
		{45502647-7AC0-4F26-9BCE-06E9245C6E6B}.Debug|Any CPU.ActiveCfg = Debug|Any CPU
		{45502647-7AC0-4F26-9BCE-06E9245C6E6B}.Debug|Any CPU.Build.0 = Debug|Any CPU
		{45502647-7AC0-4F26-9BCE-06E9245C6E6B}.Release|Any CPU.ActiveCfg = Release|Any CPU
		{45502647-7AC0-4F26-9BCE-06E9245C6E6B}.Release|Any CPU.Build.0 = Release|Any CPU
		{24787E35-AD86-44C0-B1A4-5E20FE2D7145}.Debug|Any CPU.ActiveCfg = Debug|Any CPU
		{24787E35-AD86-44C0-B1A4-5E20FE2D7145}.Debug|Any CPU.Build.0 = Debug|Any CPU
		{24787E35-AD86-44C0-B1A4-5E20FE2D7145}.Release|Any CPU.ActiveCfg = Release|Any CPU
		{24787E35-AD86-44C0-B1A4-5E20FE2D7145}.Release|Any CPU.Build.0 = Release|Any CPU
		{FC491B46-E759-4F15-968D-2F41804D725C}.Debug|Any CPU.ActiveCfg = Debug|Any CPU
		{FC491B46-E759-4F15-968D-2F41804D725C}.Debug|Any CPU.Build.0 = Debug|Any CPU
		{FC491B46-E759-4F15-968D-2F41804D725C}.Release|Any CPU.ActiveCfg = Release|Any CPU
		{FC491B46-E759-4F15-968D-2F41804D725C}.Release|Any CPU.Build.0 = Release|Any CPU
	EndGlobalSection
	GlobalSection(SolutionProperties) = preSolution
		HideSolutionNode = FALSE
	EndGlobalSection
	GlobalSection(ExtensibilityGlobals) = postSolution
		SolutionGuid = {A8DE4805-181A-422D-9BC2-D432F019DC47}
	EndGlobalSection
EndGlobal
