
Microsoft Visual Studio Solution File, Format Version 12.00
# Visual Studio Version 17
VisualStudioVersion = 17.6.33815.320
MinimumVisualStudioVersion = 10.0.40219.1
Project("{9A19103F-16F7-4668-BE54-9A1E7A4F7556}") = "2. Repeat Strings", "2. Repeat Strings\2. Repeat Strings.csproj", "{F41B2580-121D-4C5D-97EB-DC914B908B51}"
EndProject
Project("{9A19103F-16F7-4668-BE54-9A1E7A4F7556}") = "3. Substring", "3. Substring\3. Substring.csproj", "{32B26960-04E1-4644-B9AB-CAA7951B8E9C}"
EndProject
Project("{9A19103F-16F7-4668-BE54-9A1E7A4F7556}") = "4. Text Filter", "4. Text Filter\4. Text Filter.csproj", "{8EA3CA48-C39F-4903-87E0-14C0290769BB}"
EndProject
Project("{9A19103F-16F7-4668-BE54-9A1E7A4F7556}") = "1. Reverse Strings", "1. Reverse Strings\1. Reverse Strings.csproj", "{A99F12AD-AB8F-4FC4-8C71-152F572E9999}"
EndProject
Project("{9A19103F-16F7-4668-BE54-9A1E7A4F7556}") = "5. Digits, Letters and Other", "5. Digits, Letters and Other\5. Digits, Letters and Other.csproj", "{A176D27B-E785-461B-B9EB-08FBBCAEC722}"
EndProject
Project("{9A19103F-16F7-4668-BE54-9A1E7A4F7556}") = "1. Valid Usernames", "1. Valid Usernames\1. Valid Usernames.csproj", "{020A1E12-2654-4A0D-A483-6B9E45A61F73}"
EndProject
Project("{9A19103F-16F7-4668-BE54-9A1E7A4F7556}") = "2. Character Multiplier", "2. Character Multiplier\2. Character Multiplier.csproj", "{173467AA-41D0-424F-9A3A-BE386B7C7E75}"
EndProject
Project("{9A19103F-16F7-4668-BE54-9A1E7A4F7556}") = "3. Extract File", "3. Extract File\3. Extract File.csproj", "{0057797C-36F0-4666-97A5-459F6D0590F2}"
EndProject
Project("{9A19103F-16F7-4668-BE54-9A1E7A4F7556}") = "4. Caesar Cipher", "4. Caesar Cipher\4. Caesar Cipher.csproj", "{93FF815D-6014-4FF9-BDF5-149B44A7003C}"
EndProject
Project("{FAE04EC0-301F-11D3-BF4B-00C04F79EFBC}") = "5. Multiply Big Number", "5. Multiply Big Number\5. Multiply Big Number.csproj", "{80E5A411-F454-4C66-A76C-13DB81ADEB64}"
EndProject
Project("{FAE04EC0-301F-11D3-BF4B-00C04F79EFBC}") = "6. Replace Repeating Chars", "6. Replace Repeating Chars\6. Replace Repeating Chars.csproj", "{EDE4DE92-F29C-42F4-9C2E-F44FB0B58AE9}"
EndProject
Project("{FAE04EC0-301F-11D3-BF4B-00C04F79EFBC}") = "7. String Explosion", "7. String Explosion\7. String Explosion.csproj", "{FB4B04F1-E235-41E8-98CD-75EB2D6EB57E}"
EndProject
Global
	GlobalSection(SolutionConfigurationPlatforms) = preSolution
		Debug|Any CPU = Debug|Any CPU
		Release|Any CPU = Release|Any CPU
	EndGlobalSection
	GlobalSection(ProjectConfigurationPlatforms) = postSolution
		{F41B2580-121D-4C5D-97EB-DC914B908B51}.Debug|Any CPU.ActiveCfg = Debug|Any CPU
		{F41B2580-121D-4C5D-97EB-DC914B908B51}.Debug|Any CPU.Build.0 = Debug|Any CPU
		{F41B2580-121D-4C5D-97EB-DC914B908B51}.Release|Any CPU.ActiveCfg = Release|Any CPU
		{F41B2580-121D-4C5D-97EB-DC914B908B51}.Release|Any CPU.Build.0 = Release|Any CPU
		{32B26960-04E1-4644-B9AB-CAA7951B8E9C}.Debug|Any CPU.ActiveCfg = Debug|Any CPU
		{32B26960-04E1-4644-B9AB-CAA7951B8E9C}.Debug|Any CPU.Build.0 = Debug|Any CPU
		{32B26960-04E1-4644-B9AB-CAA7951B8E9C}.Release|Any CPU.ActiveCfg = Release|Any CPU
		{32B26960-04E1-4644-B9AB-CAA7951B8E9C}.Release|Any CPU.Build.0 = Release|Any CPU
		{8EA3CA48-C39F-4903-87E0-14C0290769BB}.Debug|Any CPU.ActiveCfg = Debug|Any CPU
		{8EA3CA48-C39F-4903-87E0-14C0290769BB}.Debug|Any CPU.Build.0 = Debug|Any CPU
		{8EA3CA48-C39F-4903-87E0-14C0290769BB}.Release|Any CPU.ActiveCfg = Release|Any CPU
		{8EA3CA48-C39F-4903-87E0-14C0290769BB}.Release|Any CPU.Build.0 = Release|Any CPU
		{A99F12AD-AB8F-4FC4-8C71-152F572E9999}.Debug|Any CPU.ActiveCfg = Debug|Any CPU
		{A99F12AD-AB8F-4FC4-8C71-152F572E9999}.Debug|Any CPU.Build.0 = Debug|Any CPU
		{A99F12AD-AB8F-4FC4-8C71-152F572E9999}.Release|Any CPU.ActiveCfg = Release|Any CPU
		{A99F12AD-AB8F-4FC4-8C71-152F572E9999}.Release|Any CPU.Build.0 = Release|Any CPU
		{A176D27B-E785-461B-B9EB-08FBBCAEC722}.Debug|Any CPU.ActiveCfg = Debug|Any CPU
		{A176D27B-E785-461B-B9EB-08FBBCAEC722}.Debug|Any CPU.Build.0 = Debug|Any CPU
		{A176D27B-E785-461B-B9EB-08FBBCAEC722}.Release|Any CPU.ActiveCfg = Release|Any CPU
		{A176D27B-E785-461B-B9EB-08FBBCAEC722}.Release|Any CPU.Build.0 = Release|Any CPU
		{020A1E12-2654-4A0D-A483-6B9E45A61F73}.Debug|Any CPU.ActiveCfg = Debug|Any CPU
		{020A1E12-2654-4A0D-A483-6B9E45A61F73}.Debug|Any CPU.Build.0 = Debug|Any CPU
		{020A1E12-2654-4A0D-A483-6B9E45A61F73}.Release|Any CPU.ActiveCfg = Release|Any CPU
		{020A1E12-2654-4A0D-A483-6B9E45A61F73}.Release|Any CPU.Build.0 = Release|Any CPU
		{173467AA-41D0-424F-9A3A-BE386B7C7E75}.Debug|Any CPU.ActiveCfg = Debug|Any CPU
		{173467AA-41D0-424F-9A3A-BE386B7C7E75}.Debug|Any CPU.Build.0 = Debug|Any CPU
		{173467AA-41D0-424F-9A3A-BE386B7C7E75}.Release|Any CPU.ActiveCfg = Release|Any CPU
		{173467AA-41D0-424F-9A3A-BE386B7C7E75}.Release|Any CPU.Build.0 = Release|Any CPU
		{0057797C-36F0-4666-97A5-459F6D0590F2}.Debug|Any CPU.ActiveCfg = Debug|Any CPU
		{0057797C-36F0-4666-97A5-459F6D0590F2}.Debug|Any CPU.Build.0 = Debug|Any CPU
		{0057797C-36F0-4666-97A5-459F6D0590F2}.Release|Any CPU.ActiveCfg = Release|Any CPU
		{0057797C-36F0-4666-97A5-459F6D0590F2}.Release|Any CPU.Build.0 = Release|Any CPU
		{93FF815D-6014-4FF9-BDF5-149B44A7003C}.Debug|Any CPU.ActiveCfg = Debug|Any CPU
		{93FF815D-6014-4FF9-BDF5-149B44A7003C}.Debug|Any CPU.Build.0 = Debug|Any CPU
		{93FF815D-6014-4FF9-BDF5-149B44A7003C}.Release|Any CPU.ActiveCfg = Release|Any CPU
		{93FF815D-6014-4FF9-BDF5-149B44A7003C}.Release|Any CPU.Build.0 = Release|Any CPU
		{80E5A411-F454-4C66-A76C-13DB81ADEB64}.Debug|Any CPU.ActiveCfg = Debug|Any CPU
		{80E5A411-F454-4C66-A76C-13DB81ADEB64}.Debug|Any CPU.Build.0 = Debug|Any CPU
		{80E5A411-F454-4C66-A76C-13DB81ADEB64}.Release|Any CPU.ActiveCfg = Release|Any CPU
		{80E5A411-F454-4C66-A76C-13DB81ADEB64}.Release|Any CPU.Build.0 = Release|Any CPU
		{EDE4DE92-F29C-42F4-9C2E-F44FB0B58AE9}.Debug|Any CPU.ActiveCfg = Debug|Any CPU
		{EDE4DE92-F29C-42F4-9C2E-F44FB0B58AE9}.Debug|Any CPU.Build.0 = Debug|Any CPU
		{EDE4DE92-F29C-42F4-9C2E-F44FB0B58AE9}.Release|Any CPU.ActiveCfg = Release|Any CPU
		{EDE4DE92-F29C-42F4-9C2E-F44FB0B58AE9}.Release|Any CPU.Build.0 = Release|Any CPU
		{FB4B04F1-E235-41E8-98CD-75EB2D6EB57E}.Debug|Any CPU.ActiveCfg = Debug|Any CPU
		{FB4B04F1-E235-41E8-98CD-75EB2D6EB57E}.Debug|Any CPU.Build.0 = Debug|Any CPU
		{FB4B04F1-E235-41E8-98CD-75EB2D6EB57E}.Release|Any CPU.ActiveCfg = Release|Any CPU
		{FB4B04F1-E235-41E8-98CD-75EB2D6EB57E}.Release|Any CPU.Build.0 = Release|Any CPU
	EndGlobalSection
	GlobalSection(SolutionProperties) = preSolution
		HideSolutionNode = FALSE
	EndGlobalSection
	GlobalSection(ExtensibilityGlobals) = postSolution
		SolutionGuid = {F72537D4-937B-44F2-92E0-06D982EB6957}
	EndGlobalSection
EndGlobal
