
Microsoft Visual Studio Solution File, Format Version 12.00
# Visual Studio Version 17
VisualStudioVersion = 17.6.33815.320
MinimumVisualStudioVersion = 10.0.40219.1
Project("{FAE04EC0-301F-11D3-BF4B-00C04F79EFBC}") = "1. Count Real Numbers", "1. Count Real Numbers\1. Count Real Numbers.csproj", "{91C05097-230A-4FC7-A652-01D261C13D53}"
EndProject
Project("{FAE04EC0-301F-11D3-BF4B-00C04F79EFBC}") = "2. Odd Occurrences", "2. Odd Occurrences\2. Odd Occurrences.csproj", "{B9549959-5776-4AFA-BF5C-BAEF30FA9A6A}"
EndProject
Project("{FAE04EC0-301F-11D3-BF4B-00C04F79EFBC}") = "3. Word Synonyms", "3. Word Synonyms\3. Word Synonyms.csproj", "{5DBAB97F-ADF4-4A1E-A9C0-FBDDE1B80CE1}"
EndProject
Global
	GlobalSection(SolutionConfigurationPlatforms) = preSolution
		Debug|Any CPU = Debug|Any CPU
		Release|Any CPU = Release|Any CPU
	EndGlobalSection
	GlobalSection(ProjectConfigurationPlatforms) = postSolution
		{91C05097-230A-4FC7-A652-01D261C13D53}.Debug|Any CPU.ActiveCfg = Debug|Any CPU
		{91C05097-230A-4FC7-A652-01D261C13D53}.Debug|Any CPU.Build.0 = Debug|Any CPU
		{91C05097-230A-4FC7-A652-01D261C13D53}.Release|Any CPU.ActiveCfg = Release|Any CPU
		{91C05097-230A-4FC7-A652-01D261C13D53}.Release|Any CPU.Build.0 = Release|Any CPU
		{B9549959-5776-4AFA-BF5C-BAEF30FA9A6A}.Debug|Any CPU.ActiveCfg = Debug|Any CPU
		{B9549959-5776-4AFA-BF5C-BAEF30FA9A6A}.Debug|Any CPU.Build.0 = Debug|Any CPU
		{B9549959-5776-4AFA-BF5C-BAEF30FA9A6A}.Release|Any CPU.ActiveCfg = Release|Any CPU
		{B9549959-5776-4AFA-BF5C-BAEF30FA9A6A}.Release|Any CPU.Build.0 = Release|Any CPU
		{5DBAB97F-ADF4-4A1E-A9C0-FBDDE1B80CE1}.Debug|Any CPU.ActiveCfg = Debug|Any CPU
		{5DBAB97F-ADF4-4A1E-A9C0-FBDDE1B80CE1}.Debug|Any CPU.Build.0 = Debug|Any CPU
		{5DBAB97F-ADF4-4A1E-A9C0-FBDDE1B80CE1}.Release|Any CPU.ActiveCfg = Release|Any CPU
		{5DBAB97F-ADF4-4A1E-A9C0-FBDDE1B80CE1}.Release|Any CPU.Build.0 = Release|Any CPU
	EndGlobalSection
	GlobalSection(SolutionProperties) = preSolution
		HideSolutionNode = FALSE
	EndGlobalSection
	GlobalSection(ExtensibilityGlobals) = postSolution
		SolutionGuid = {E7CEEDEE-71C6-4EF6-BA4F-318F7A6894B2}
	EndGlobalSection
EndGlobal
