
Microsoft Visual Studio Solution File, Format Version 12.00
# Visual Studio Version 17
VisualStudioVersion = 17.6.33815.320
MinimumVisualStudioVersion = 10.0.40219.1
Project("{9A19103F-16F7-4668-BE54-9A1E7A4F7556}") = "1. Match Full Name", "1. Match Full Name\1. Match Full Name.csproj", "{C7213301-BD1D-4F84-8DE3-A1476CEB0ED0}"
EndProject
Project("{9A19103F-16F7-4668-BE54-9A1E7A4F7556}") = "2. Match Phone Number", "2. Match Phone Number\2. Match Phone Number.csproj", "{DAF9B8EC-CB49-4A52-8650-AD737B7BA820}"
EndProject
Project("{FAE04EC0-301F-11D3-BF4B-00C04F79EFBC}") = "3. Match Dates", "3. Match Dates\3. Match Dates.csproj", "{7154C754-817B-4CE2-8FA0-19C407AB7913}"
EndProject
Project("{FAE04EC0-301F-11D3-BF4B-00C04F79EFBC}") = "1. Furniture", "1. Furniture\1. Furniture.csproj", "{6D57C6A8-22F2-4CB4-BBD0-4421A8E492B6}"
EndProject
Project("{FAE04EC0-301F-11D3-BF4B-00C04F79EFBC}") = "2. Race", "2. Race\2. Race.csproj", "{54744F5E-C71D-4264-B3E7-7D3C2BF57A3F}"
EndProject
Project("{FAE04EC0-301F-11D3-BF4B-00C04F79EFBC}") = "3. SoftUni Bar Income", "3. SoftUni Bar Income\3. SoftUni Bar Income.csproj", "{C88E0B49-3408-4AA6-95D3-28CBD7415CF4}"
EndProject
Project("{FAE04EC0-301F-11D3-BF4B-00C04F79EFBC}") = "4. Star Enigma", "4. Star Enigma\4. Star Enigma.csproj", "{9CD4EE08-F629-444B-8D98-C0FA77CC30F2}"
EndProject
Project("{FAE04EC0-301F-11D3-BF4B-00C04F79EFBC}") = "5. Nether Realms", "5. Nether Realms\5. Nether Realms.csproj", "{89FFC54F-4982-4728-A5FE-848EDF9C7DB6}"
EndProject
Project("{FAE04EC0-301F-11D3-BF4B-00C04F79EFBC}") = "5. Nether-withMethods", "5. Nether-withMethods\5. Nether-withMethods.csproj", "{6B1000E2-9032-44AD-ACB6-79E11057A11C}"
EndProject
Project("{FAE04EC0-301F-11D3-BF4B-00C04F79EFBC}") = "6. Extract Emails", "6. Extract Emails\6. Extract Emails.csproj", "{03A13927-90C4-4887-936E-DA49810F2BC2}"
EndProject
Global
	GlobalSection(SolutionConfigurationPlatforms) = preSolution
		Debug|Any CPU = Debug|Any CPU
		Release|Any CPU = Release|Any CPU
	EndGlobalSection
	GlobalSection(ProjectConfigurationPlatforms) = postSolution
		{C7213301-BD1D-4F84-8DE3-A1476CEB0ED0}.Debug|Any CPU.ActiveCfg = Debug|Any CPU
		{C7213301-BD1D-4F84-8DE3-A1476CEB0ED0}.Debug|Any CPU.Build.0 = Debug|Any CPU
		{C7213301-BD1D-4F84-8DE3-A1476CEB0ED0}.Release|Any CPU.ActiveCfg = Release|Any CPU
		{C7213301-BD1D-4F84-8DE3-A1476CEB0ED0}.Release|Any CPU.Build.0 = Release|Any CPU
		{DAF9B8EC-CB49-4A52-8650-AD737B7BA820}.Debug|Any CPU.ActiveCfg = Debug|Any CPU
		{DAF9B8EC-CB49-4A52-8650-AD737B7BA820}.Debug|Any CPU.Build.0 = Debug|Any CPU
		{DAF9B8EC-CB49-4A52-8650-AD737B7BA820}.Release|Any CPU.ActiveCfg = Release|Any CPU
		{DAF9B8EC-CB49-4A52-8650-AD737B7BA820}.Release|Any CPU.Build.0 = Release|Any CPU
		{7154C754-817B-4CE2-8FA0-19C407AB7913}.Debug|Any CPU.ActiveCfg = Debug|Any CPU
		{7154C754-817B-4CE2-8FA0-19C407AB7913}.Debug|Any CPU.Build.0 = Debug|Any CPU
		{7154C754-817B-4CE2-8FA0-19C407AB7913}.Release|Any CPU.ActiveCfg = Release|Any CPU
		{7154C754-817B-4CE2-8FA0-19C407AB7913}.Release|Any CPU.Build.0 = Release|Any CPU
		{6D57C6A8-22F2-4CB4-BBD0-4421A8E492B6}.Debug|Any CPU.ActiveCfg = Debug|Any CPU
		{6D57C6A8-22F2-4CB4-BBD0-4421A8E492B6}.Debug|Any CPU.Build.0 = Debug|Any CPU
		{6D57C6A8-22F2-4CB4-BBD0-4421A8E492B6}.Release|Any CPU.ActiveCfg = Release|Any CPU
		{6D57C6A8-22F2-4CB4-BBD0-4421A8E492B6}.Release|Any CPU.Build.0 = Release|Any CPU
		{54744F5E-C71D-4264-B3E7-7D3C2BF57A3F}.Debug|Any CPU.ActiveCfg = Debug|Any CPU
		{54744F5E-C71D-4264-B3E7-7D3C2BF57A3F}.Debug|Any CPU.Build.0 = Debug|Any CPU
		{54744F5E-C71D-4264-B3E7-7D3C2BF57A3F}.Release|Any CPU.ActiveCfg = Release|Any CPU
		{54744F5E-C71D-4264-B3E7-7D3C2BF57A3F}.Release|Any CPU.Build.0 = Release|Any CPU
		{C88E0B49-3408-4AA6-95D3-28CBD7415CF4}.Debug|Any CPU.ActiveCfg = Debug|Any CPU
		{C88E0B49-3408-4AA6-95D3-28CBD7415CF4}.Debug|Any CPU.Build.0 = Debug|Any CPU
		{C88E0B49-3408-4AA6-95D3-28CBD7415CF4}.Release|Any CPU.ActiveCfg = Release|Any CPU
		{C88E0B49-3408-4AA6-95D3-28CBD7415CF4}.Release|Any CPU.Build.0 = Release|Any CPU
		{9CD4EE08-F629-444B-8D98-C0FA77CC30F2}.Debug|Any CPU.ActiveCfg = Debug|Any CPU
		{9CD4EE08-F629-444B-8D98-C0FA77CC30F2}.Debug|Any CPU.Build.0 = Debug|Any CPU
		{9CD4EE08-F629-444B-8D98-C0FA77CC30F2}.Release|Any CPU.ActiveCfg = Release|Any CPU
		{9CD4EE08-F629-444B-8D98-C0FA77CC30F2}.Release|Any CPU.Build.0 = Release|Any CPU
		{89FFC54F-4982-4728-A5FE-848EDF9C7DB6}.Debug|Any CPU.ActiveCfg = Debug|Any CPU
		{89FFC54F-4982-4728-A5FE-848EDF9C7DB6}.Debug|Any CPU.Build.0 = Debug|Any CPU
		{89FFC54F-4982-4728-A5FE-848EDF9C7DB6}.Release|Any CPU.ActiveCfg = Release|Any CPU
		{89FFC54F-4982-4728-A5FE-848EDF9C7DB6}.Release|Any CPU.Build.0 = Release|Any CPU
		{6B1000E2-9032-44AD-ACB6-79E11057A11C}.Debug|Any CPU.ActiveCfg = Debug|Any CPU
		{6B1000E2-9032-44AD-ACB6-79E11057A11C}.Debug|Any CPU.Build.0 = Debug|Any CPU
		{6B1000E2-9032-44AD-ACB6-79E11057A11C}.Release|Any CPU.ActiveCfg = Release|Any CPU
		{6B1000E2-9032-44AD-ACB6-79E11057A11C}.Release|Any CPU.Build.0 = Release|Any CPU
		{03A13927-90C4-4887-936E-DA49810F2BC2}.Debug|Any CPU.ActiveCfg = Debug|Any CPU
		{03A13927-90C4-4887-936E-DA49810F2BC2}.Debug|Any CPU.Build.0 = Debug|Any CPU
		{03A13927-90C4-4887-936E-DA49810F2BC2}.Release|Any CPU.ActiveCfg = Release|Any CPU
		{03A13927-90C4-4887-936E-DA49810F2BC2}.Release|Any CPU.Build.0 = Release|Any CPU
	EndGlobalSection
	GlobalSection(SolutionProperties) = preSolution
		HideSolutionNode = FALSE
	EndGlobalSection
	GlobalSection(ExtensibilityGlobals) = postSolution
		SolutionGuid = {3A01C672-E434-47EE-A46B-29686A7E5AE3}
	EndGlobalSection
EndGlobal
