
Microsoft Visual Studio Solution File, Format Version 12.00
# Visual Studio Version 17
VisualStudioVersion = 17.6.33815.320
MinimumVisualStudioVersion = 10.0.40219.1
Project("{FAE04EC0-301F-11D3-BF4B-00C04F79EFBC}") = "1. Match Full Name", "1. Match Full Name\1. Match Full Name.csproj", "{C7213301-BD1D-4F84-8DE3-A1476CEB0ED0}"
EndProject
Project("{FAE04EC0-301F-11D3-BF4B-00C04F79EFBC}") = "2. Match Phone Number", "2. Match Phone Number\2. Match Phone Number.csproj", "{DAF9B8EC-CB49-4A52-8650-AD737B7BA820}"
EndProject
Global
	GlobalSection(SolutionConfigurationPlatforms) = preSolution
		Debug|Any CPU = Debug|Any CPU
		Release|Any CPU = Release|Any CPU
	EndGlobalSection
	GlobalSection(ProjectConfigurationPlatforms) = postSolution
		{C7213301-BD1D-4F84-8DE3-A1476CEB0ED0}.Debug|Any CPU.ActiveCfg = Debug|Any CPU
		{C7213301-BD1D-4F84-8DE3-A1476CEB0ED0}.Debug|Any CPU.Build.0 = Debug|Any CPU
		{C7213301-BD1D-4F84-8DE3-A1476CEB0ED0}.Release|Any CPU.ActiveCfg = Release|Any CPU
		{C7213301-BD1D-4F84-8DE3-A1476CEB0ED0}.Release|Any CPU.Build.0 = Release|Any CPU
		{DAF9B8EC-CB49-4A52-8650-AD737B7BA820}.Debug|Any CPU.ActiveCfg = Debug|Any CPU
		{DAF9B8EC-CB49-4A52-8650-AD737B7BA820}.Debug|Any CPU.Build.0 = Debug|Any CPU
		{DAF9B8EC-CB49-4A52-8650-AD737B7BA820}.Release|Any CPU.ActiveCfg = Release|Any CPU
		{DAF9B8EC-CB49-4A52-8650-AD737B7BA820}.Release|Any CPU.Build.0 = Release|Any CPU
	EndGlobalSection
	GlobalSection(SolutionProperties) = preSolution
		HideSolutionNode = FALSE
	EndGlobalSection
	GlobalSection(ExtensibilityGlobals) = postSolution
		SolutionGuid = {3A01C672-E434-47EE-A46B-29686A7E5AE3}
	EndGlobalSection
EndGlobal
