
Microsoft Visual Studio Solution File, Format Version 12.00
# Visual Studio Version 17
VisualStudioVersion = 17.6.33815.320
MinimumVisualStudioVersion = 10.0.40219.1
Project("{FAE04EC0-301F-11D3-BF4B-00C04F79EFBC}") = "Problem 1 - Password Reset", "Problem 1 - Password Reset\Problem 1 - Password Reset.csproj", "{78A50D3D-D24B-4894-849E-38487EBE44DD}"
EndProject
Project("{FAE04EC0-301F-11D3-BF4B-00C04F79EFBC}") = "Problem 2-Fancy Barcodes", "Problem 2-Fancy Barcodes\Problem 2-Fancy Barcodes.csproj", "{37B67284-50A0-49BC-B39D-39ABB89C3CD4}"
EndProject
Project("{FAE04EC0-301F-11D3-BF4B-00C04F79EFBC}") = "Problem 3 - Heroes of Code and Logic VII", "Problem 3 - Heroes of Code and Logic VII\Problem 3 - Heroes of Code and Logic VII.csproj", "{AB707692-26D9-4D41-9F7A-F8FFC8EE0340}"
EndProject
Project("{FAE04EC0-301F-11D3-BF4B-00C04F79EFBC}") = "Problem 1 - Secret Chat", "Problem 1 - Secret Chat\Problem 1 - Secret Chat.csproj", "{DF37A189-54CF-4F2B-8E28-CC1B354A057E}"
EndProject
Global
	GlobalSection(SolutionConfigurationPlatforms) = preSolution
		Debug|Any CPU = Debug|Any CPU
		Release|Any CPU = Release|Any CPU
	EndGlobalSection
	GlobalSection(ProjectConfigurationPlatforms) = postSolution
		{78A50D3D-D24B-4894-849E-38487EBE44DD}.Debug|Any CPU.ActiveCfg = Debug|Any CPU
		{78A50D3D-D24B-4894-849E-38487EBE44DD}.Debug|Any CPU.Build.0 = Debug|Any CPU
		{78A50D3D-D24B-4894-849E-38487EBE44DD}.Release|Any CPU.ActiveCfg = Release|Any CPU
		{78A50D3D-D24B-4894-849E-38487EBE44DD}.Release|Any CPU.Build.0 = Release|Any CPU
		{37B67284-50A0-49BC-B39D-39ABB89C3CD4}.Debug|Any CPU.ActiveCfg = Debug|Any CPU
		{37B67284-50A0-49BC-B39D-39ABB89C3CD4}.Debug|Any CPU.Build.0 = Debug|Any CPU
		{37B67284-50A0-49BC-B39D-39ABB89C3CD4}.Release|Any CPU.ActiveCfg = Release|Any CPU
		{37B67284-50A0-49BC-B39D-39ABB89C3CD4}.Release|Any CPU.Build.0 = Release|Any CPU
		{AB707692-26D9-4D41-9F7A-F8FFC8EE0340}.Debug|Any CPU.ActiveCfg = Debug|Any CPU
		{AB707692-26D9-4D41-9F7A-F8FFC8EE0340}.Debug|Any CPU.Build.0 = Debug|Any CPU
		{AB707692-26D9-4D41-9F7A-F8FFC8EE0340}.Release|Any CPU.ActiveCfg = Release|Any CPU
		{AB707692-26D9-4D41-9F7A-F8FFC8EE0340}.Release|Any CPU.Build.0 = Release|Any CPU
		{DF37A189-54CF-4F2B-8E28-CC1B354A057E}.Debug|Any CPU.ActiveCfg = Debug|Any CPU
		{DF37A189-54CF-4F2B-8E28-CC1B354A057E}.Debug|Any CPU.Build.0 = Debug|Any CPU
		{DF37A189-54CF-4F2B-8E28-CC1B354A057E}.Release|Any CPU.ActiveCfg = Release|Any CPU
		{DF37A189-54CF-4F2B-8E28-CC1B354A057E}.Release|Any CPU.Build.0 = Release|Any CPU
	EndGlobalSection
	GlobalSection(SolutionProperties) = preSolution
		HideSolutionNode = FALSE
	EndGlobalSection
	GlobalSection(ExtensibilityGlobals) = postSolution
		SolutionGuid = {395FEE5F-D16D-492B-9B94-261754BE1ED1}
	EndGlobalSection
EndGlobal
